
Microsoft Visual Studio Solution File, Format Version 12.00
Project("{FAE04EC0-301F-11D3-BF4B-00C04F79EFBC}") = "Day9", "Day9\Day9.csproj", "{EB3CBC51-E350-4B65-918A-5CD1FE9DD17E}"
EndProject
Project("{FAE04EC0-301F-11D3-BF4B-00C04F79EFBC}") = "Day9_Test", "Day9_Test\Day9_Test.csproj", "{C4B87F12-55FC-41BC-8641-E5E73ABC59DF}"
EndProject
Global
	GlobalSection(SolutionConfigurationPlatforms) = preSolution
		Debug|Any CPU = Debug|Any CPU
		Release|Any CPU = Release|Any CPU
	EndGlobalSection
	GlobalSection(ProjectConfigurationPlatforms) = postSolution
		{EB3CBC51-E350-4B65-918A-5CD1FE9DD17E}.Debug|Any CPU.ActiveCfg = Debug|Any CPU
		{EB3CBC51-E350-4B65-918A-5CD1FE9DD17E}.Debug|Any CPU.Build.0 = Debug|Any CPU
		{EB3CBC51-E350-4B65-918A-5CD1FE9DD17E}.Release|Any CPU.ActiveCfg = Release|Any CPU
		{EB3CBC51-E350-4B65-918A-5CD1FE9DD17E}.Release|Any CPU.Build.0 = Release|Any CPU
		{C4B87F12-55FC-41BC-8641-E5E73ABC59DF}.Debug|Any CPU.ActiveCfg = Debug|Any CPU
		{C4B87F12-55FC-41BC-8641-E5E73ABC59DF}.Debug|Any CPU.Build.0 = Debug|Any CPU
		{C4B87F12-55FC-41BC-8641-E5E73ABC59DF}.Release|Any CPU.ActiveCfg = Release|Any CPU
		{C4B87F12-55FC-41BC-8641-E5E73ABC59DF}.Release|Any CPU.Build.0 = Release|Any CPU
	EndGlobalSection
EndGlobal
